
Microsoft Visual Studio Solution File, Format Version 12.00
# Visual Studio 14
VisualStudioVersion = 14.0.25123.0
MinimumVisualStudioVersion = 10.0.40219.1
Project("{2150E333-8FDC-42A3-9474-1A3956D46DE8}") = "src", "src", "{F51609AF-585F-4BBD-89BD-4FE245292018}"
EndProject
Project("{2150E333-8FDC-42A3-9474-1A3956D46DE8}") = "Solution Items", "Solution Items", "{7EBFA813-EE77-4377-8A45-E5A8527CC12C}"
	ProjectSection(SolutionItems) = preProject
		global.json = global.json
	EndProjectSection
EndProject
Project("{8BB2217D-0F2D-49D1-97BC-3654ED321F3B}") = "NetEscapades.AspNetCore.SecurityHeaders", "src\NetEscapades.AspNetCore.SecurityHeaders\NetEscapades.AspNetCore.SecurityHeaders.xproj", "{99AE9045-0537-4724-B49B-3A463E24F743}"
EndProject
Project("{8BB2217D-0F2D-49D1-97BC-3654ED321F3B}") = "NetEscapades.AspNetCore.SecurityHeaders.Test", "test\NetEscapades.AspNetCore.SecurityHeaders.Test\NetEscapades.AspNetCore.SecurityHeaders.Test.xproj", "{FD377A9F-984D-4E6E-9B4F-1C0448847579}"
EndProject
Project("{2150E333-8FDC-42A3-9474-1A3956D46DE8}") = "test", "test", "{A2E64919-761D-4412-AFF7-D167023FD55E}"
EndProject
Global
	GlobalSection(SolutionConfigurationPlatforms) = preSolution
		Debug|Any CPU = Debug|Any CPU
		Release|Any CPU = Release|Any CPU
	EndGlobalSection
	GlobalSection(ProjectConfigurationPlatforms) = postSolution
		{99AE9045-0537-4724-B49B-3A463E24F743}.Debug|Any CPU.ActiveCfg = Debug|Any CPU
		{99AE9045-0537-4724-B49B-3A463E24F743}.Debug|Any CPU.Build.0 = Debug|Any CPU
		{99AE9045-0537-4724-B49B-3A463E24F743}.Release|Any CPU.ActiveCfg = Release|Any CPU
		{99AE9045-0537-4724-B49B-3A463E24F743}.Release|Any CPU.Build.0 = Release|Any CPU
		{FD377A9F-984D-4E6E-9B4F-1C0448847579}.Debug|Any CPU.ActiveCfg = Debug|Any CPU
		{FD377A9F-984D-4E6E-9B4F-1C0448847579}.Debug|Any CPU.Build.0 = Debug|Any CPU
		{FD377A9F-984D-4E6E-9B4F-1C0448847579}.Release|Any CPU.ActiveCfg = Release|Any CPU
		{FD377A9F-984D-4E6E-9B4F-1C0448847579}.Release|Any CPU.Build.0 = Release|Any CPU
	EndGlobalSection
	GlobalSection(SolutionProperties) = preSolution
		HideSolutionNode = FALSE
	EndGlobalSection
	GlobalSection(NestedProjects) = preSolution
		{99AE9045-0537-4724-B49B-3A463E24F743} = {F51609AF-585F-4BBD-89BD-4FE245292018}
		{FD377A9F-984D-4E6E-9B4F-1C0448847579} = {A2E64919-761D-4412-AFF7-D167023FD55E}
	EndGlobalSection
EndGlobal
